
Microsoft Visual Studio Solution File, Format Version 12.00
# Visual Studio 14
VisualStudioVersion = 14.0.25420.1
MinimumVisualStudioVersion = 10.0.40219.1
Project("{2150E333-8FDC-42A3-9474-1A3956D46DE8}") = "Sources", "Sources", "{78307C6B-2C1F-4644-AF90-4F5016C9F597}"
EndProject
Project("{2150E333-8FDC-42A3-9474-1A3956D46DE8}") = "Tests", "Tests", "{8D461B25-491A-48EA-B0CA-A21AFE833413}"
EndProject
Project("{FAE04EC0-301F-11D3-BF4B-00C04F79EFBC}") = "Extension.TN", "Sources\Extension.TN\Extension.TN.csproj", "{A25318BD-A8EB-4B4C-B069-C43320B09398}"
EndProject
Project("{FAE04EC0-301F-11D3-BF4B-00C04F79EFBC}") = "Extension.TN.UnitTest", "Tests\Extension.TN.UnitTest\Extension.TN.UnitTest.csproj", "{93C35B7B-F9E5-497D-9D23-C5E4FC739B64}"
EndProject
Global
	GlobalSection(SolutionConfigurationPlatforms) = preSolution
		Debug|Any CPU = Debug|Any CPU
		Release|Any CPU = Release|Any CPU
	EndGlobalSection
	GlobalSection(ProjectConfigurationPlatforms) = postSolution
		{A25318BD-A8EB-4B4C-B069-C43320B09398}.Debug|Any CPU.ActiveCfg = Debug|Any CPU
		{A25318BD-A8EB-4B4C-B069-C43320B09398}.Debug|Any CPU.Build.0 = Debug|Any CPU
		{A25318BD-A8EB-4B4C-B069-C43320B09398}.Release|Any CPU.ActiveCfg = Release|Any CPU
		{A25318BD-A8EB-4B4C-B069-C43320B09398}.Release|Any CPU.Build.0 = Release|Any CPU
		{93C35B7B-F9E5-497D-9D23-C5E4FC739B64}.Debug|Any CPU.ActiveCfg = Debug|Any CPU
		{93C35B7B-F9E5-497D-9D23-C5E4FC739B64}.Debug|Any CPU.Build.0 = Debug|Any CPU
		{93C35B7B-F9E5-497D-9D23-C5E4FC739B64}.Release|Any CPU.ActiveCfg = Release|Any CPU
		{93C35B7B-F9E5-497D-9D23-C5E4FC739B64}.Release|Any CPU.Build.0 = Release|Any CPU
	EndGlobalSection
	GlobalSection(SolutionProperties) = preSolution
		HideSolutionNode = FALSE
	EndGlobalSection
	GlobalSection(NestedProjects) = preSolution
		{A25318BD-A8EB-4B4C-B069-C43320B09398} = {78307C6B-2C1F-4644-AF90-4F5016C9F597}
		{93C35B7B-F9E5-497D-9D23-C5E4FC739B64} = {8D461B25-491A-48EA-B0CA-A21AFE833413}
	EndGlobalSection
EndGlobal
